
Microsoft Visual Studio Solution File, Format Version 12.00
# Visual Studio 15
VisualStudioVersion = 15.0.27130.2027
MinimumVisualStudioVersion = 10.0.40219.1
Project("{FAE04EC0-301F-11D3-BF4B-00C04F79EFBC}") = "StcokDataSample", "StcokDataSample\StcokDataSample.csproj", "{1EB716A1-3B95-40F7-8E00-93041E1C6D8D}"
EndProject
Global
	GlobalSection(SolutionConfigurationPlatforms) = preSolution
		Debug|Any CPU = Debug|Any CPU
		Release|Any CPU = Release|Any CPU
	EndGlobalSection
	GlobalSection(ProjectConfigurationPlatforms) = postSolution
		{1EB716A1-3B95-40F7-8E00-93041E1C6D8D}.Debug|Any CPU.ActiveCfg = Debug|Any CPU
		{1EB716A1-3B95-40F7-8E00-93041E1C6D8D}.Debug|Any CPU.Build.0 = Debug|Any CPU
		{1EB716A1-3B95-40F7-8E00-93041E1C6D8D}.Release|Any CPU.ActiveCfg = Release|Any CPU
		{1EB716A1-3B95-40F7-8E00-93041E1C6D8D}.Release|Any CPU.Build.0 = Release|Any CPU
	EndGlobalSection
	GlobalSection(SolutionProperties) = preSolution
		HideSolutionNode = FALSE
	EndGlobalSection
	GlobalSection(ExtensibilityGlobals) = postSolution
		SolutionGuid = {853DC9C5-45C8-4E4F-86D6-18A6A25F389A}
	EndGlobalSection
EndGlobal
